// !$*UTF8*$!
{
	archiveVersion = 1;
	classes = {
	};
	objectVersion = 55;
	objects = {

/* Begin PBXBuildFile section */
		E737CABD284BE7040094B8A9 /* Categories.swift in Sources */ = {isa = PBXBuildFile; fileRef = E737CABC284BE7040094B8A9 /* Categories.swift */; };
		E737CAC0284BE8570094B8A9 /* NetworkManager.swift in Sources */ = {isa = PBXBuildFile; fileRef = E737CABF284BE8570094B8A9 /* NetworkManager.swift */; };
		E7CE955E2854E9B7004644F3 /* AppDelegate.swift in Sources */ = {isa = PBXBuildFile; fileRef = E7CE955D2854E9B7004644F3 /* AppDelegate.swift */; };
		E7CE95602854F371004644F3 /* OrderConfirmationViewController.swift in Sources */ = {isa = PBXBuildFile; fileRef = E7CE955F2854F371004644F3 /* OrderConfirmationViewController.swift */; };
		E7CE95622854FBA3004644F3 /* Double+Extension.swift in Sources */ = {isa = PBXBuildFile; fileRef = E7CE95612854FBA3004644F3 /* Double+Extension.swift */; };
		E7CE956428551EB4004644F3 /* PreparationTime.swift in Sources */ = {isa = PBXBuildFile; fileRef = E7CE956328551EB4004644F3 /* PreparationTime.swift */; };
		E7DF66DD2853EC09006E17D2 /* OrderTableViewController.swift in Sources */ = {isa = PBXBuildFile; fileRef = E7DF66DC2853EC09006E17D2 /* OrderTableViewController.swift */; };
		E7DF66DF2853ECB6006E17D2 /* Order.swift in Sources */ = {isa = PBXBuildFile; fileRef = E7DF66DE2853ECB6006E17D2 /* Order.swift */; };
		E7DF66E12853F22C006E17D2 /* OrderManager.swift in Sources */ = {isa = PBXBuildFile; fileRef = E7DF66E02853F22C006E17D2 /* OrderManager.swift */; };
		E7E3DD2A284CACD4000089FF /* CategoryTableViewController.swift in Sources */ = {isa = PBXBuildFile; fileRef = E7E3DD29284CACD4000089FF /* CategoryTableViewController.swift */; };
		E7E3DD2E284D0527000089FF /* CellManager.swift in Sources */ = {isa = PBXBuildFile; fileRef = E7E3DD2D284D0527000089FF /* CellManager.swift */; };
		E7E3DD30284D09F8000089FF /* MenuItem.swift in Sources */ = {isa = PBXBuildFile; fileRef = E7E3DD2F284D09F8000089FF /* MenuItem.swift */; };
		E7E3DD32284D0A8C000089FF /* MenuItems.swift in Sources */ = {isa = PBXBuildFile; fileRef = E7E3DD31284D0A8C000089FF /* MenuItems.swift */; };
		E7E3DD35284D114D000089FF /* URL+Extention.swift in Sources */ = {isa = PBXBuildFile; fileRef = E7E3DD34284D114D000089FF /* URL+Extention.swift */; };
		E7E3DD37284D19E5000089FF /* MenuTableViewController.swift in Sources */ = {isa = PBXBuildFile; fileRef = E7E3DD36284D19E5000089FF /* MenuTableViewController.swift */; };
		E7F209912851152400511A33 /* ItemViewController.swift in Sources */ = {isa = PBXBuildFile; fileRef = E7F209902851152400511A33 /* ItemViewController.swift */; };
		E7F97427284BCCC400ADA3C8 /* Main.storyboard in Resources */ = {isa = PBXBuildFile; fileRef = E7F97425284BCCC400ADA3C8 /* Main.storyboard */; };
		E7F97429284BCCC600ADA3C8 /* Assets.xcassets in Resources */ = {isa = PBXBuildFile; fileRef = E7F97428284BCCC600ADA3C8 /* Assets.xcassets */; };
		E7F9742C284BCCC600ADA3C8 /* LaunchScreen.storyboard in Resources */ = {isa = PBXBuildFile; fileRef = E7F9742A284BCCC600ADA3C8 /* LaunchScreen.storyboard */; };
/* End PBXBuildFile section */

/* Begin PBXFileReference section */
		E737CABC284BE7040094B8A9 /* Categories.swift */ = {isa = PBXFileReference; lastKnownFileType = sourcecode.swift; path = Categories.swift; sourceTree = "<group>"; };
		E737CABF284BE8570094B8A9 /* NetworkManager.swift */ = {isa = PBXFileReference; lastKnownFileType = sourcecode.swift; path = NetworkManager.swift; sourceTree = "<group>"; };
		E7CE955D2854E9B7004644F3 /* AppDelegate.swift */ = {isa = PBXFileReference; lastKnownFileType = sourcecode.swift; path = AppDelegate.swift; sourceTree = "<group>"; };
		E7CE955F2854F371004644F3 /* OrderConfirmationViewController.swift */ = {isa = PBXFileReference; lastKnownFileType = sourcecode.swift; path = OrderConfirmationViewController.swift; sourceTree = "<group>"; };
		E7CE95612854FBA3004644F3 /* Double+Extension.swift */ = {isa = PBXFileReference; lastKnownFileType = sourcecode.swift; path = "Double+Extension.swift"; sourceTree = "<group>"; };
		E7CE956328551EB4004644F3 /* PreparationTime.swift */ = {isa = PBXFileReference; lastKnownFileType = sourcecode.swift; path = PreparationTime.swift; sourceTree = "<group>"; };
		E7DF66DC2853EC09006E17D2 /* OrderTableViewController.swift */ = {isa = PBXFileReference; lastKnownFileType = sourcecode.swift; path = OrderTableViewController.swift; sourceTree = "<group>"; };
		E7DF66DE2853ECB6006E17D2 /* Order.swift */ = {isa = PBXFileReference; lastKnownFileType = sourcecode.swift; path = Order.swift; sourceTree = "<group>"; };
		E7DF66E02853F22C006E17D2 /* OrderManager.swift */ = {isa = PBXFileReference; lastKnownFileType = sourcecode.swift; path = OrderManager.swift; sourceTree = "<group>"; };
		E7E3DD29284CACD4000089FF /* CategoryTableViewController.swift */ = {isa = PBXFileReference; lastKnownFileType = sourcecode.swift; path = CategoryTableViewController.swift; sourceTree = "<group>"; };
		E7E3DD2D284D0527000089FF /* CellManager.swift */ = {isa = PBXFileReference; lastKnownFileType = sourcecode.swift; path = CellManager.swift; sourceTree = "<group>"; };
		E7E3DD2F284D09F8000089FF /* MenuItem.swift */ = {isa = PBXFileReference; lastKnownFileType = sourcecode.swift; path = MenuItem.swift; sourceTree = "<group>"; };
		E7E3DD31284D0A8C000089FF /* MenuItems.swift */ = {isa = PBXFileReference; lastKnownFileType = sourcecode.swift; path = MenuItems.swift; sourceTree = "<group>"; };
		E7E3DD34284D114D000089FF /* URL+Extention.swift */ = {isa = PBXFileReference; lastKnownFileType = sourcecode.swift; path = "URL+Extention.swift"; sourceTree = "<group>"; };
		E7E3DD36284D19E5000089FF /* MenuTableViewController.swift */ = {isa = PBXFileReference; lastKnownFileType = sourcecode.swift; path = MenuTableViewController.swift; sourceTree = "<group>"; };
		E7F209902851152400511A33 /* ItemViewController.swift */ = {isa = PBXFileReference; lastKnownFileType = sourcecode.swift; path = ItemViewController.swift; sourceTree = "<group>"; };
		E7F9741C284BCCC300ADA3C8 /* Restaurant.app */ = {isa = PBXFileReference; explicitFileType = wrapper.application; includeInIndex = 0; path = Restaurant.app; sourceTree = BUILT_PRODUCTS_DIR; };
		E7F97426284BCCC400ADA3C8 /* Base */ = {isa = PBXFileReference; lastKnownFileType = file.storyboard; name = Base; path = Base.lproj/Main.storyboard; sourceTree = "<group>"; };
		E7F97428284BCCC600ADA3C8 /* Assets.xcassets */ = {isa = PBXFileReference; lastKnownFileType = folder.assetcatalog; path = Assets.xcassets; sourceTree = "<group>"; };
		E7F9742B284BCCC600ADA3C8 /* Base */ = {isa = PBXFileReference; lastKnownFileType = file.storyboard; name = Base; path = Base.lproj/LaunchScreen.storyboard; sourceTree = "<group>"; };
		E7F9742D284BCCC600ADA3C8 /* Info.plist */ = {isa = PBXFileReference; lastKnownFileType = text.plist.xml; path = Info.plist; sourceTree = "<group>"; };
/* End PBXFileReference section */

/* Begin PBXFrameworksBuildPhase section */
		E7F97419284BCCC300ADA3C8 /* Frameworks */ = {
			isa = PBXFrameworksBuildPhase;
			buildActionMask = 2147483647;
			files = (
			);
			runOnlyForDeploymentPostprocessing = 0;
		};
/* End PBXFrameworksBuildPhase section */

/* Begin PBXGroup section */
		E737CABB284BE6A80094B8A9 /* Models */ = {
			isa = PBXGroup;
			children = (
				E737CABC284BE7040094B8A9 /* Categories.swift */,
				E7E3DD2F284D09F8000089FF /* MenuItem.swift */,
				E7E3DD31284D0A8C000089FF /* MenuItems.swift */,
				E7DF66DE2853ECB6006E17D2 /* Order.swift */,
				E7CE956328551EB4004644F3 /* PreparationTime.swift */,
			);
			path = Models;
			sourceTree = "<group>";
		};
		E737CABE284BE7E90094B8A9 /* Manager */ = {
			isa = PBXGroup;
			children = (
				E7E3DD2D284D0527000089FF /* CellManager.swift */,
				E737CABF284BE8570094B8A9 /* NetworkManager.swift */,
				E7DF66E02853F22C006E17D2 /* OrderManager.swift */,
			);
			path = Manager;
			sourceTree = "<group>";
		};
		E7E3DD33284D10CA000089FF /* Extentions */ = {
			isa = PBXGroup;
			children = (
				E7E3DD34284D114D000089FF /* URL+Extention.swift */,
				E7CE95612854FBA3004644F3 /* Double+Extension.swift */,
			);
			path = Extentions;
			sourceTree = "<group>";
		};
		E7F97413284BCCC300ADA3C8 = {
			isa = PBXGroup;
			children = (
				E7F9741E284BCCC300ADA3C8 /* Restaurant */,
				E7F9741D284BCCC300ADA3C8 /* Products */,
			);
			sourceTree = "<group>";
		};
		E7F9741D284BCCC300ADA3C8 /* Products */ = {
			isa = PBXGroup;
			children = (
				E7F9741C284BCCC300ADA3C8 /* Restaurant.app */,
			);
			name = Products;
			sourceTree = "<group>";
		};
		E7F9741E284BCCC300ADA3C8 /* Restaurant */ = {
			isa = PBXGroup;
			children = (
				E7F97433284BCD3100ADA3C8 /* App */,
				E7F97434284BCD4000ADA3C8 /* Controllers */,
				E7E3DD33284D10CA000089FF /* Extentions */,
				E737CABE284BE7E90094B8A9 /* Manager */,
				E737CABB284BE6A80094B8A9 /* Models */,
				E7F97436284BCDCA00ADA3C8 /* Resourses */,
				E7F97435284BCD5800ADA3C8 /* Storyboard */,
			);
			path = Restaurant;
			sourceTree = "<group>";
		};
		E7F97433284BCD3100ADA3C8 /* App */ = {
			isa = PBXGroup;
			children = (
				E7F9742D284BCCC600ADA3C8 /* Info.plist */,
				E7CE955D2854E9B7004644F3 /* AppDelegate.swift */,
			);
			path = App;
			sourceTree = "<group>";
		};
		E7F97434284BCD4000ADA3C8 /* Controllers */ = {
			isa = PBXGroup;
			children = (
				E7E3DD29284CACD4000089FF /* CategoryTableViewController.swift */,
				E7E3DD36284D19E5000089FF /* MenuTableViewController.swift */,
				E7F209902851152400511A33 /* ItemViewController.swift */,
				E7DF66DC2853EC09006E17D2 /* OrderTableViewController.swift */,
				E7CE955F2854F371004644F3 /* OrderConfirmationViewController.swift */,
			);
			path = Controllers;
			sourceTree = "<group>";
		};
		E7F97435284BCD5800ADA3C8 /* Storyboard */ = {
			isa = PBXGroup;
			children = (
				E7F97425284BCCC400ADA3C8 /* Main.storyboard */,
				E7F9742A284BCCC600ADA3C8 /* LaunchScreen.storyboard */,
			);
			path = Storyboard;
			sourceTree = "<group>";
		};
		E7F97436284BCDCA00ADA3C8 /* Resourses */ = {
			isa = PBXGroup;
			children = (
				E7F97428284BCCC600ADA3C8 /* Assets.xcassets */,
			);
			path = Resourses;
			sourceTree = "<group>";
		};
/* End PBXGroup section */

/* Begin PBXNativeTarget section */
		E7F9741B284BCCC300ADA3C8 /* Restaurant */ = {
			isa = PBXNativeTarget;
			buildConfigurationList = E7F97430284BCCC600ADA3C8 /* Build configuration list for PBXNativeTarget "Restaurant" */;
			buildPhases = (
				E7F97418284BCCC300ADA3C8 /* Sources */,
				E7F97419284BCCC300ADA3C8 /* Frameworks */,
				E7F9741A284BCCC300ADA3C8 /* Resources */,
			);
			buildRules = (
			);
			dependencies = (
			);
			name = Restaurant;
			productName = Restaurant;
			productReference = E7F9741C284BCCC300ADA3C8 /* Restaurant.app */;
			productType = "com.apple.product-type.application";
		};
/* End PBXNativeTarget section */

/* Begin PBXProject section */
		E7F97414284BCCC300ADA3C8 /* Project object */ = {
			isa = PBXProject;
			attributes = {
				BuildIndependentTargetsInParallel = 1;
				LastSwiftUpdateCheck = 1340;
				LastUpgradeCheck = 1340;
				TargetAttributes = {
					E7F9741B284BCCC300ADA3C8 = {
						CreatedOnToolsVersion = 13.4.1;
					};
				};
			};
			buildConfigurationList = E7F97417284BCCC300ADA3C8 /* Build configuration list for PBXProject "Restaurant" */;
			compatibilityVersion = "Xcode 13.0";
			developmentRegion = en;
			hasScannedForEncodings = 0;
			knownRegions = (
				en,
				Base,
			);
			mainGroup = E7F97413284BCCC300ADA3C8;
			productRefGroup = E7F9741D284BCCC300ADA3C8 /* Products */;
			projectDirPath = "";
			projectRoot = "";
			targets = (
				E7F9741B284BCCC300ADA3C8 /* Restaurant */,
			);
		};
/* End PBXProject section */

/* Begin PBXResourcesBuildPhase section */
		E7F9741A284BCCC300ADA3C8 /* Resources */ = {
			isa = PBXResourcesBuildPhase;
			buildActionMask = 2147483647;
			files = (
				E7F9742C284BCCC600ADA3C8 /* LaunchScreen.storyboard in Resources */,
				E7F97429284BCCC600ADA3C8 /* Assets.xcassets in Resources */,
				E7F97427284BCCC400ADA3C8 /* Main.storyboard in Resources */,
			);
			runOnlyForDeploymentPostprocessing = 0;
		};
/* End PBXResourcesBuildPhase section */

/* Begin PBXSourcesBuildPhase section */
		E7F97418284BCCC300ADA3C8 /* Sources */ = {
			isa = PBXSourcesBuildPhase;
			buildActionMask = 2147483647;
			files = (
				E7F209912851152400511A33 /* ItemViewController.swift in Sources */,
				E7E3DD37284D19E5000089FF /* MenuTableViewController.swift in Sources */,
				E7E3DD30284D09F8000089FF /* MenuItem.swift in Sources */,
				E7E3DD32284D0A8C000089FF /* MenuItems.swift in Sources */,
				E7CE956428551EB4004644F3 /* PreparationTime.swift in Sources */,
				E7CE95602854F371004644F3 /* OrderConfirmationViewController.swift in Sources */,
				E7CE955E2854E9B7004644F3 /* AppDelegate.swift in Sources */,
				E7DF66E12853F22C006E17D2 /* OrderManager.swift in Sources */,
				E7DF66DD2853EC09006E17D2 /* OrderTableViewController.swift in Sources */,
				E7CE95622854FBA3004644F3 /* Double+Extension.swift in Sources */,
				E7E3DD2E284D0527000089FF /* CellManager.swift in Sources */,
				E737CAC0284BE8570094B8A9 /* NetworkManager.swift in Sources */,
				E7E3DD35284D114D000089FF /* URL+Extention.swift in Sources */,
				E737CABD284BE7040094B8A9 /* Categories.swift in Sources */,
				E7DF66DF2853ECB6006E17D2 /* Order.swift in Sources */,
				E7E3DD2A284CACD4000089FF /* CategoryTableViewController.swift in Sources */,
			);
			runOnlyForDeploymentPostprocessing = 0;
		};
/* End PBXSourcesBuildPhase section */

/* Begin PBXVariantGroup section */
		E7F97425284BCCC400ADA3C8 /* Main.storyboard */ = {
			isa = PBXVariantGroup;
			children = (
				E7F97426284BCCC400ADA3C8 /* Base */,
			);
			name = Main.storyboard;
			sourceTree = "<group>";
		};
		E7F9742A284BCCC600ADA3C8 /* LaunchScreen.storyboard */ = {
			isa = PBXVariantGroup;
			children = (
				E7F9742B284BCCC600ADA3C8 /* Base */,
			);
			name = LaunchScreen.storyboard;
			sourceTree = "<group>";
		};
/* End PBXVariantGroup section */

/* Begin XCBuildConfiguration section */
		E7F9742E284BCCC600ADA3C8 /* Debug */ = {
			isa = XCBuildConfiguration;
			buildSettings = {
				ALWAYS_SEARCH_USER_PATHS = NO;
				CLANG_ANALYZER_NONNULL = YES;
				CLANG_ANALYZER_NUMBER_OBJECT_CONVERSION = YES_AGGRESSIVE;
				CLANG_CXX_LANGUAGE_STANDARD = "gnu++17";
				CLANG_ENABLE_MODULES = YES;
				CLANG_ENABLE_OBJC_ARC = YES;
				CLANG_ENABLE_OBJC_WEAK = YES;
				CLANG_WARN_BLOCK_CAPTURE_AUTORELEASING = YES;
				CLANG_WARN_BOOL_CONVERSION = YES;
				CLANG_WARN_COMMA = YES;
				CLANG_WARN_CONSTANT_CONVERSION = YES;
				CLANG_WARN_DEPRECATED_OBJC_IMPLEMENTATIONS = YES;
				CLANG_WARN_DIRECT_OBJC_ISA_USAGE = YES_ERROR;
				CLANG_WARN_DOCUMENTATION_COMMENTS = YES;
				CLANG_WARN_EMPTY_BODY = YES;
				CLANG_WARN_ENUM_CONVERSION = YES;
				CLANG_WARN_INFINITE_RECURSION = YES;
				CLANG_WARN_INT_CONVERSION = YES;
				CLANG_WARN_NON_LITERAL_NULL_CONVERSION = YES;
				CLANG_WARN_OBJC_IMPLICIT_RETAIN_SELF = YES;
				CLANG_WARN_OBJC_LITERAL_CONVERSION = YES;
				CLANG_WARN_OBJC_ROOT_CLASS = YES_ERROR;
				CLANG_WARN_QUOTED_INCLUDE_IN_FRAMEWORK_HEADER = YES;
				CLANG_WARN_RANGE_LOOP_ANALYSIS = YES;
				CLANG_WARN_STRICT_PROTOTYPES = YES;
				CLANG_WARN_SUSPICIOUS_MOVE = YES;
				CLANG_WARN_UNGUARDED_AVAILABILITY = YES_AGGRESSIVE;
				CLANG_WARN_UNREACHABLE_CODE = YES;
				CLANG_WARN__DUPLICATE_METHOD_MATCH = YES;
				COPY_PHASE_STRIP = NO;
				DEBUG_INFORMATION_FORMAT = dwarf;
				ENABLE_STRICT_OBJC_MSGSEND = YES;
				ENABLE_TESTABILITY = YES;
				GCC_C_LANGUAGE_STANDARD = gnu11;
				GCC_DYNAMIC_NO_PIC = NO;
				GCC_NO_COMMON_BLOCKS = YES;
				GCC_OPTIMIZATION_LEVEL = 0;
				GCC_PREPROCESSOR_DEFINITIONS = (
					"DEBUG=1",
					"$(inherited)",
				);
				GCC_WARN_64_TO_32_BIT_CONVERSION = YES;
				GCC_WARN_ABOUT_RETURN_TYPE = YES_ERROR;
				GCC_WARN_UNDECLARED_SELECTOR = YES;
				GCC_WARN_UNINITIALIZED_AUTOS = YES_AGGRESSIVE;
				GCC_WARN_UNUSED_FUNCTION = YES;
				GCC_WARN_UNUSED_VARIABLE = YES;
				IPHONEOS_DEPLOYMENT_TARGET = 15.5;
				MTL_ENABLE_DEBUG_INFO = INCLUDE_SOURCE;
				MTL_FAST_MATH = YES;
				ONLY_ACTIVE_ARCH = YES;
				SDKROOT = iphoneos;
				SWIFT_ACTIVE_COMPILATION_CONDITIONS = DEBUG;
				SWIFT_OPTIMIZATION_LEVEL = "-Onone";
			};
			name = Debug;
		};
		E7F9742F284BCCC600ADA3C8 /* Release */ = {
			isa = XCBuildConfiguration;
			buildSettings = {
				ALWAYS_SEARCH_USER_PATHS = NO;
				CLANG_ANALYZER_NONNULL = YES;
				CLANG_ANALYZER_NUMBER_OBJECT_CONVERSION = YES_AGGRESSIVE;
				CLANG_CXX_LANGUAGE_STANDARD = "gnu++17";
				CLANG_ENABLE_MODULES = YES;
				CLANG_ENABLE_OBJC_ARC = YES;
				CLANG_ENABLE_OBJC_WEAK = YES;
				CLANG_WARN_BLOCK_CAPTURE_AUTORELEASING = YES;
				CLANG_WARN_BOOL_CONVERSION = YES;
				CLANG_WARN_COMMA = YES;
				CLANG_WARN_CONSTANT_CONVERSION = YES;
				CLANG_WARN_DEPRECATED_OBJC_IMPLEMENTATIONS = YES;
				CLANG_WARN_DIRECT_OBJC_ISA_USAGE = YES_ERROR;
				CLANG_WARN_DOCUMENTATION_COMMENTS = YES;
				CLANG_WARN_EMPTY_BODY = YES;
				CLANG_WARN_ENUM_CONVERSION = YES;
				CLANG_WARN_INFINITE_RECURSION = YES;
				CLANG_WARN_INT_CONVERSION = YES;
				CLANG_WARN_NON_LITERAL_NULL_CONVERSION = YES;
				CLANG_WARN_OBJC_IMPLICIT_RETAIN_SELF = YES;
				CLANG_WARN_OBJC_LITERAL_CONVERSION = YES;
				CLANG_WARN_OBJC_ROOT_CLASS = YES_ERROR;
				CLANG_WARN_QUOTED_INCLUDE_IN_FRAMEWORK_HEADER = YES;
				CLANG_WARN_RANGE_LOOP_ANALYSIS = YES;
				CLANG_WARN_STRICT_PROTOTYPES = YES;
				CLANG_WARN_SUSPICIOUS_MOVE = YES;
				CLANG_WARN_UNGUARDED_AVAILABILITY = YES_AGGRESSIVE;
				CLANG_WARN_UNREACHABLE_CODE = YES;
				CLANG_WARN__DUPLICATE_METHOD_MATCH = YES;
				COPY_PHASE_STRIP = NO;
				DEBUG_INFORMATION_FORMAT = "dwarf-with-dsym";
				ENABLE_NS_ASSERTIONS = NO;
				ENABLE_STRICT_OBJC_MSGSEND = YES;
				GCC_C_LANGUAGE_STANDARD = gnu11;
				GCC_NO_COMMON_BLOCKS = YES;
				GCC_WARN_64_TO_32_BIT_CONVERSION = YES;
				GCC_WARN_ABOUT_RETURN_TYPE = YES_ERROR;
				GCC_WARN_UNDECLARED_SELECTOR = YES;
				GCC_WARN_UNINITIALIZED_AUTOS = YES_AGGRESSIVE;
				GCC_WARN_UNUSED_FUNCTION = YES;
				GCC_WARN_UNUSED_VARIABLE = YES;
				IPHONEOS_DEPLOYMENT_TARGET = 15.5;
				MTL_ENABLE_DEBUG_INFO = NO;
				MTL_FAST_MATH = YES;
				SDKROOT = iphoneos;
				SWIFT_COMPILATION_MODE = wholemodule;
				SWIFT_OPTIMIZATION_LEVEL = "-O";
				VALIDATE_PRODUCT = YES;
			};
			name = Release;
		};
		E7F97431284BCCC600ADA3C8 /* Debug */ = {
			isa = XCBuildConfiguration;
			buildSettings = {
				ASSETCATALOG_COMPILER_APPICON_NAME = AppIcon;
				ASSETCATALOG_COMPILER_GLOBAL_ACCENT_COLOR_NAME = AccentColor;
				CODE_SIGN_STYLE = Automatic;
				CURRENT_PROJECT_VERSION = 1;
				DEVELOPMENT_TEAM = 7GP8TDQAX2;
				GENERATE_INFOPLIST_FILE = YES;
				INFOPLIST_FILE = Restaurant/App/Info.plist;
				INFOPLIST_KEY_UIApplicationSupportsIndirectInputEvents = YES;
				INFOPLIST_KEY_UILaunchStoryboardName = LaunchScreen;
				INFOPLIST_KEY_UIMainStoryboardFile = Main;
				INFOPLIST_KEY_UISupportedInterfaceOrientations_iPad = "UIInterfaceOrientationPortrait UIInterfaceOrientationPortraitUpsideDown UIInterfaceOrientationLandscapeLeft UIInterfaceOrientationLandscapeRight";
				INFOPLIST_KEY_UISupportedInterfaceOrientations_iPhone = "UIInterfaceOrientationPortrait UIInterfaceOrientationLandscapeLeft UIInterfaceOrientationLandscapeRight";
				LD_RUNPATH_SEARCH_PATHS = (
					"$(inherited)",
					"@executable_path/Frameworks",
				);
				MARKETING_VERSION = 1.0;
				PRODUCT_BUNDLE_IDENTIFIER = ru.lenvoku.Restaurant;
				PRODUCT_NAME = "$(TARGET_NAME)";
				SWIFT_EMIT_LOC_STRINGS = YES;
				SWIFT_VERSION = 5.0;
				TARGETED_DEVICE_FAMILY = "1,2";
			};
			name = Debug;
		};
		E7F97432284BCCC600ADA3C8 /* Release */ = {
			isa = XCBuildConfiguration;
			buildSettings = {
				ASSETCATALOG_COMPILER_APPICON_NAME = AppIcon;
				ASSETCATALOG_COMPILER_GLOBAL_ACCENT_COLOR_NAME = AccentColor;
				CODE_SIGN_STYLE = Automatic;
				CURRENT_PROJECT_VERSION = 1;
				DEVELOPMENT_TEAM = 7GP8TDQAX2;
				GENERATE_INFOPLIST_FILE = YES;
				INFOPLIST_FILE = Restaurant/App/Info.plist;
				INFOPLIST_KEY_UIApplicationSupportsIndirectInputEvents = YES;
				INFOPLIST_KEY_UILaunchStoryboardName = LaunchScreen;
				INFOPLIST_KEY_UIMainStoryboardFile = Main;
				INFOPLIST_KEY_UISupportedInterfaceOrientations_iPad = "UIInterfaceOrientationPortrait UIInterfaceOrientationPortraitUpsideDown UIInterfaceOrientationLandscapeLeft UIInterfaceOrientationLandscapeRight";
				INFOPLIST_KEY_UISupportedInterfaceOrientations_iPhone = "UIInterfaceOrientationPortrait UIInterfaceOrientationLandscapeLeft UIInterfaceOrientationLandscapeRight";
				LD_RUNPATH_SEARCH_PATHS = (
					"$(inherited)",
					"@executable_path/Frameworks",
				);
				MARKETING_VERSION = 1.0;
				PRODUCT_BUNDLE_IDENTIFIER = ru.lenvoku.Restaurant;
				PRODUCT_NAME = "$(TARGET_NAME)";
				SWIFT_EMIT_LOC_STRINGS = YES;
				SWIFT_VERSION = 5.0;
				TARGETED_DEVICE_FAMILY = "1,2";
			};
			name = Release;
		};
/* End XCBuildConfiguration section */

/* Begin XCConfigurationList section */
		E7F97417284BCCC300ADA3C8 /* Build configuration list for PBXProject "Restaurant" */ = {
			isa = XCConfigurationList;
			buildConfigurations = (
				E7F9742E284BCCC600ADA3C8 /* Debug */,
				E7F9742F284BCCC600ADA3C8 /* Release */,
			);
			defaultConfigurationIsVisible = 0;
			defaultConfigurationName = Release;
		};
		E7F97430284BCCC600ADA3C8 /* Build configuration list for PBXNativeTarget "Restaurant" */ = {
			isa = XCConfigurationList;
			buildConfigurations = (
				E7F97431284BCCC600ADA3C8 /* Debug */,
				E7F97432284BCCC600ADA3C8 /* Release */,
			);
			defaultConfigurationIsVisible = 0;
			defaultConfigurationName = Release;
		};
/* End XCConfigurationList section */
	};
	rootObject = E7F97414284BCCC300ADA3C8 /* Project object */;
}
